
Microsoft Visual Studio Solution File, Format Version 12.00
# Visual Studio 2012
Project("{FAE04EC0-301F-11D3-BF4B-00C04F79EFBC}") = "WSCT.Core", "WSCT.Core\WSCT.Core.csproj", "{764A5311-A573-4774-A198-43A660167FC7}"
	ProjectSection(ProjectDependencies) = postProject
		{19B66E6E-7E5E-481A-8718-3F9C44212AD6} = {19B66E6E-7E5E-481A-8718-3F9C44212AD6}
	EndProjectSection
EndProject
Project("{FAE04EC0-301F-11D3-BF4B-00C04F79EFBC}") = "WSCT.Stack", "WSCT.Stack\WSCT.Stack.csproj", "{4EABE8DA-0BCB-4BC6-A571-7618AC0EC4B6}"
	ProjectSection(ProjectDependencies) = postProject
		{764A5311-A573-4774-A198-43A660167FC7} = {764A5311-A573-4774-A198-43A660167FC7}
	EndProjectSection
EndProject
Project("{FAE04EC0-301F-11D3-BF4B-00C04F79EFBC}") = "WSCT.ISO7816", "WSCT.ISO7816\WSCT.ISO7816.csproj", "{BDECF2A5-900E-4C5D-BEEE-7903F9145BC1}"
	ProjectSection(ProjectDependencies) = postProject
		{764A5311-A573-4774-A198-43A660167FC7} = {764A5311-A573-4774-A198-43A660167FC7}
	EndProjectSection
EndProject
Project("{FAE04EC0-301F-11D3-BF4B-00C04F79EFBC}") = "WSCT.Helpers", "WSCT.Helpers\WSCT.Helpers.csproj", "{B95B0E58-9296-4A15-AA69-10A7B6DC2267}"
EndProject
Project("{FAE04EC0-301F-11D3-BF4B-00C04F79EFBC}") = "WSCT.Helpers.GUI", "WSCT.Helpers.GUI\WSCT.Helpers.GUI.csproj", "{3CE1516F-CF54-4D3E-919D-2DA4638552CC}"
EndProject
Project("{FAE04EC0-301F-11D3-BF4B-00C04F79EFBC}") = "WSCT.Core.ConsoleTests", "WSCT.Core.ConsoleTests\WSCT.Core.ConsoleTests.csproj", "{066D7310-FAE0-43DF-9B78-B3AA16B10FD2}"
EndProject
Project("{FAE04EC0-301F-11D3-BF4B-00C04F79EFBC}") = "WSCT.Wrapper", "WSCT.Wrapper\WSCT.Wrapper.csproj", "{19B66E6E-7E5E-481A-8718-3F9C44212AD6}"
EndProject
Project("{7CF6DF6D-3B04-46F8-A40B-537D21BCA0B4}") = "Documentation", "Documentation\Documentation.shfbproj", "{F33E7068-AE72-47C8-A438-4BCA714D2F72}"
EndProject
Global
	GlobalSection(SolutionConfigurationPlatforms) = preSolution
		Debug|Any CPU = Debug|Any CPU
		Release|Any CPU = Release|Any CPU
	EndGlobalSection
	GlobalSection(ProjectConfigurationPlatforms) = postSolution
		{764A5311-A573-4774-A198-43A660167FC7}.Debug|Any CPU.ActiveCfg = Debug|Any CPU
		{764A5311-A573-4774-A198-43A660167FC7}.Debug|Any CPU.Build.0 = Debug|Any CPU
		{764A5311-A573-4774-A198-43A660167FC7}.Release|Any CPU.ActiveCfg = Release|Any CPU
		{764A5311-A573-4774-A198-43A660167FC7}.Release|Any CPU.Build.0 = Release|Any CPU
		{4EABE8DA-0BCB-4BC6-A571-7618AC0EC4B6}.Debug|Any CPU.ActiveCfg = Debug|Any CPU
		{4EABE8DA-0BCB-4BC6-A571-7618AC0EC4B6}.Debug|Any CPU.Build.0 = Debug|Any CPU
		{4EABE8DA-0BCB-4BC6-A571-7618AC0EC4B6}.Release|Any CPU.ActiveCfg = Release|Any CPU
		{4EABE8DA-0BCB-4BC6-A571-7618AC0EC4B6}.Release|Any CPU.Build.0 = Release|Any CPU
		{BDECF2A5-900E-4C5D-BEEE-7903F9145BC1}.Debug|Any CPU.ActiveCfg = Debug|Any CPU
		{BDECF2A5-900E-4C5D-BEEE-7903F9145BC1}.Debug|Any CPU.Build.0 = Debug|Any CPU
		{BDECF2A5-900E-4C5D-BEEE-7903F9145BC1}.Release|Any CPU.ActiveCfg = Release|Any CPU
		{BDECF2A5-900E-4C5D-BEEE-7903F9145BC1}.Release|Any CPU.Build.0 = Release|Any CPU
		{B95B0E58-9296-4A15-AA69-10A7B6DC2267}.Debug|Any CPU.ActiveCfg = Debug|Any CPU
		{B95B0E58-9296-4A15-AA69-10A7B6DC2267}.Debug|Any CPU.Build.0 = Debug|Any CPU
		{B95B0E58-9296-4A15-AA69-10A7B6DC2267}.Release|Any CPU.ActiveCfg = Release|Any CPU
		{B95B0E58-9296-4A15-AA69-10A7B6DC2267}.Release|Any CPU.Build.0 = Release|Any CPU
		{3CE1516F-CF54-4D3E-919D-2DA4638552CC}.Debug|Any CPU.ActiveCfg = Debug|Any CPU
		{3CE1516F-CF54-4D3E-919D-2DA4638552CC}.Debug|Any CPU.Build.0 = Debug|Any CPU
		{3CE1516F-CF54-4D3E-919D-2DA4638552CC}.Release|Any CPU.ActiveCfg = Release|Any CPU
		{3CE1516F-CF54-4D3E-919D-2DA4638552CC}.Release|Any CPU.Build.0 = Release|Any CPU
		{066D7310-FAE0-43DF-9B78-B3AA16B10FD2}.Debug|Any CPU.ActiveCfg = Debug|Any CPU
		{066D7310-FAE0-43DF-9B78-B3AA16B10FD2}.Debug|Any CPU.Build.0 = Debug|Any CPU
		{066D7310-FAE0-43DF-9B78-B3AA16B10FD2}.Release|Any CPU.ActiveCfg = Release|Any CPU
		{066D7310-FAE0-43DF-9B78-B3AA16B10FD2}.Release|Any CPU.Build.0 = Release|Any CPU
		{19B66E6E-7E5E-481A-8718-3F9C44212AD6}.Debug|Any CPU.ActiveCfg = Debug|Any CPU
		{19B66E6E-7E5E-481A-8718-3F9C44212AD6}.Debug|Any CPU.Build.0 = Debug|Any CPU
		{19B66E6E-7E5E-481A-8718-3F9C44212AD6}.Release|Any CPU.ActiveCfg = Release|Any CPU
		{19B66E6E-7E5E-481A-8718-3F9C44212AD6}.Release|Any CPU.Build.0 = Release|Any CPU
		{F33E7068-AE72-47C8-A438-4BCA714D2F72}.Debug|Any CPU.ActiveCfg = Debug|Any CPU
		{F33E7068-AE72-47C8-A438-4BCA714D2F72}.Release|Any CPU.ActiveCfg = Release|Any CPU
	EndGlobalSection
	GlobalSection(SolutionProperties) = preSolution
		HideSolutionNode = FALSE
	EndGlobalSection
	GlobalSection(MonoDevelopProperties) = preSolution
		StartupItem = WSCT.Core.ConsoleTests\WSCT.Core.ConsoleTests.csproj
	EndGlobalSection
EndGlobal
