
Microsoft Visual Studio Solution File, Format Version 12.00
# Visual Studio 15
VisualStudioVersion = 15.0.27004.2006
MinimumVisualStudioVersion = 10.0.40219.1
Project("{2150E333-8FDC-42A3-9474-1A3956D46DE8}") = ".nuget", ".nuget", "{154B5E16-0E3E-41ED-BF08-60C20546107F}"
	ProjectSection(SolutionItems) = preProject
		.nuget\NuGet.Config = .nuget\NuGet.Config
		.nuget\NuGet.exe = .nuget\NuGet.exe
		.nuget\NuGet.targets = .nuget\NuGet.targets
	EndProjectSection
EndProject
Project("{FAE04EC0-301F-11D3-BF4B-00C04F79EFBC}") = "WSCT.Helpers", "WSCT.Helpers\WSCT.Helpers.csproj", "{B95B0E58-9296-4A15-AA69-10A7B6DC2267}"
EndProject
Project("{FAE04EC0-301F-11D3-BF4B-00C04F79EFBC}") = "WSCT.Helpers.GUI", "WSCT.Helpers.GUI\WSCT.Helpers.GUI.csproj", "{3CE1516F-CF54-4D3E-919D-2DA4638552CC}"
EndProject
Project("{FAE04EC0-301F-11D3-BF4B-00C04F79EFBC}") = "WSCT.Core.ConsoleTests", "WSCT.Core.ConsoleTests\WSCT.Core.ConsoleTests.csproj", "{066D7310-FAE0-43DF-9B78-B3AA16B10FD2}"
EndProject
Project("{7CF6DF6D-3B04-46F8-A40B-537D21BCA0B4}") = "Documentation", "Documentation\Documentation.shfbproj", "{F33E7068-AE72-47C8-A438-4BCA714D2F72}"
EndProject
Project("{FAE04EC0-301F-11D3-BF4B-00C04F79EFBC}") = "WSCT.Helpers Unit Tests", "WSCT.Helpers Unit Tests\WSCT.Helpers Unit Tests.csproj", "{6118CD9F-50D8-4048-BC43-6E272C88E1B5}"
EndProject
Project("{FAE04EC0-301F-11D3-BF4B-00C04F79EFBC}") = "WSCT.Wrapper.Desktop", "WSCT.Wrapper.Desktop\WSCT.Wrapper.Desktop.csproj", "{19B66E6E-7E5E-481A-8718-3F9C44212AD6}"
EndProject
Project("{FAE04EC0-301F-11D3-BF4B-00C04F79EFBC}") = "WSCT.Wrapper.MacOSX", "WSCT.Wrapper.MacOSX\WSCT.Wrapper.MacOSX.csproj", "{0F6F8081-B090-4505-9FBC-F127AA18806F}"
EndProject
Project("{FAE04EC0-301F-11D3-BF4B-00C04F79EFBC}") = "WSCT.Wrapper.PCSCLite32", "WSCT.Wrapper.PCSCLite32\WSCT.Wrapper.PCSCLite32.csproj", "{8AAE3E6A-D6FE-4B35-AF27-731CE1996106}"
EndProject
Project("{FAE04EC0-301F-11D3-BF4B-00C04F79EFBC}") = "WSCT.Wrapper.PCSCLite64", "WSCT.Wrapper.PCSCLite64\WSCT.Wrapper.PCSCLite64.csproj", "{796A4CE8-2724-43C9-BCD8-5CFD331AA541}"
EndProject
Project("{FAE04EC0-301F-11D3-BF4B-00C04F79EFBC}") = "WSCT.Wrapper.WinSCard", "WSCT.Wrapper.WinSCard\WSCT.Wrapper.WinSCard.csproj", "{651952E8-6D49-44E6-AB52-3C4BD78255FA}"
EndProject
Project("{FAE04EC0-301F-11D3-BF4B-00C04F79EFBC}") = "WSCT", "WSCT\WSCT.csproj", "{4EABE8DA-0BCB-4BC6-A571-7618AC0EC4B6}"
EndProject
Project("{FAE04EC0-301F-11D3-BF4B-00C04F79EFBC}") = "WSCT.Helpers.Desktop", "WSCT.Helpers.Desktop\WSCT.Helpers.Desktop.csproj", "{A3EEF6F2-8509-4EB2-A8B3-B31786EBB248}"
EndProject
Project("{FAE04EC0-301F-11D3-BF4B-00C04F79EFBC}") = "WSCT Unit Tests", "WSCT Unit Tests\WSCT Unit Tests.csproj", "{AA063877-3110-47FC-A07C-AC5C249342A3}"
EndProject
Global
	GlobalSection(SolutionConfigurationPlatforms) = preSolution
		Debug|Any CPU = Debug|Any CPU
		Release|Any CPU = Release|Any CPU
	EndGlobalSection
	GlobalSection(ProjectConfigurationPlatforms) = postSolution
		{B95B0E58-9296-4A15-AA69-10A7B6DC2267}.Debug|Any CPU.ActiveCfg = Debug|Any CPU
		{B95B0E58-9296-4A15-AA69-10A7B6DC2267}.Debug|Any CPU.Build.0 = Debug|Any CPU
		{B95B0E58-9296-4A15-AA69-10A7B6DC2267}.Release|Any CPU.ActiveCfg = Release|Any CPU
		{B95B0E58-9296-4A15-AA69-10A7B6DC2267}.Release|Any CPU.Build.0 = Release|Any CPU
		{3CE1516F-CF54-4D3E-919D-2DA4638552CC}.Debug|Any CPU.ActiveCfg = Debug|Any CPU
		{3CE1516F-CF54-4D3E-919D-2DA4638552CC}.Debug|Any CPU.Build.0 = Debug|Any CPU
		{3CE1516F-CF54-4D3E-919D-2DA4638552CC}.Release|Any CPU.ActiveCfg = Release|Any CPU
		{3CE1516F-CF54-4D3E-919D-2DA4638552CC}.Release|Any CPU.Build.0 = Release|Any CPU
		{066D7310-FAE0-43DF-9B78-B3AA16B10FD2}.Debug|Any CPU.ActiveCfg = Debug|Any CPU
		{066D7310-FAE0-43DF-9B78-B3AA16B10FD2}.Debug|Any CPU.Build.0 = Debug|Any CPU
		{066D7310-FAE0-43DF-9B78-B3AA16B10FD2}.Release|Any CPU.ActiveCfg = Release|Any CPU
		{066D7310-FAE0-43DF-9B78-B3AA16B10FD2}.Release|Any CPU.Build.0 = Release|Any CPU
		{F33E7068-AE72-47C8-A438-4BCA714D2F72}.Debug|Any CPU.ActiveCfg = Debug|Any CPU
		{F33E7068-AE72-47C8-A438-4BCA714D2F72}.Release|Any CPU.ActiveCfg = Release|Any CPU
		{6118CD9F-50D8-4048-BC43-6E272C88E1B5}.Debug|Any CPU.ActiveCfg = Debug|Any CPU
		{6118CD9F-50D8-4048-BC43-6E272C88E1B5}.Debug|Any CPU.Build.0 = Debug|Any CPU
		{6118CD9F-50D8-4048-BC43-6E272C88E1B5}.Release|Any CPU.ActiveCfg = Release|Any CPU
		{6118CD9F-50D8-4048-BC43-6E272C88E1B5}.Release|Any CPU.Build.0 = Release|Any CPU
		{19B66E6E-7E5E-481A-8718-3F9C44212AD6}.Debug|Any CPU.ActiveCfg = Debug|Any CPU
		{19B66E6E-7E5E-481A-8718-3F9C44212AD6}.Debug|Any CPU.Build.0 = Debug|Any CPU
		{19B66E6E-7E5E-481A-8718-3F9C44212AD6}.Release|Any CPU.ActiveCfg = Release|Any CPU
		{19B66E6E-7E5E-481A-8718-3F9C44212AD6}.Release|Any CPU.Build.0 = Release|Any CPU
		{0F6F8081-B090-4505-9FBC-F127AA18806F}.Debug|Any CPU.ActiveCfg = Debug|Any CPU
		{0F6F8081-B090-4505-9FBC-F127AA18806F}.Debug|Any CPU.Build.0 = Debug|Any CPU
		{0F6F8081-B090-4505-9FBC-F127AA18806F}.Release|Any CPU.ActiveCfg = Release|Any CPU
		{0F6F8081-B090-4505-9FBC-F127AA18806F}.Release|Any CPU.Build.0 = Release|Any CPU
		{8AAE3E6A-D6FE-4B35-AF27-731CE1996106}.Debug|Any CPU.ActiveCfg = Debug|Any CPU
		{8AAE3E6A-D6FE-4B35-AF27-731CE1996106}.Debug|Any CPU.Build.0 = Debug|Any CPU
		{8AAE3E6A-D6FE-4B35-AF27-731CE1996106}.Release|Any CPU.ActiveCfg = Release|Any CPU
		{8AAE3E6A-D6FE-4B35-AF27-731CE1996106}.Release|Any CPU.Build.0 = Release|Any CPU
		{796A4CE8-2724-43C9-BCD8-5CFD331AA541}.Debug|Any CPU.ActiveCfg = Debug|Any CPU
		{796A4CE8-2724-43C9-BCD8-5CFD331AA541}.Debug|Any CPU.Build.0 = Debug|Any CPU
		{796A4CE8-2724-43C9-BCD8-5CFD331AA541}.Release|Any CPU.ActiveCfg = Release|Any CPU
		{796A4CE8-2724-43C9-BCD8-5CFD331AA541}.Release|Any CPU.Build.0 = Release|Any CPU
		{651952E8-6D49-44E6-AB52-3C4BD78255FA}.Debug|Any CPU.ActiveCfg = Debug|Any CPU
		{651952E8-6D49-44E6-AB52-3C4BD78255FA}.Debug|Any CPU.Build.0 = Debug|Any CPU
		{651952E8-6D49-44E6-AB52-3C4BD78255FA}.Release|Any CPU.ActiveCfg = Release|Any CPU
		{651952E8-6D49-44E6-AB52-3C4BD78255FA}.Release|Any CPU.Build.0 = Release|Any CPU
		{4EABE8DA-0BCB-4BC6-A571-7618AC0EC4B6}.Debug|Any CPU.ActiveCfg = Debug|Any CPU
		{4EABE8DA-0BCB-4BC6-A571-7618AC0EC4B6}.Debug|Any CPU.Build.0 = Debug|Any CPU
		{4EABE8DA-0BCB-4BC6-A571-7618AC0EC4B6}.Release|Any CPU.ActiveCfg = Release|Any CPU
		{4EABE8DA-0BCB-4BC6-A571-7618AC0EC4B6}.Release|Any CPU.Build.0 = Release|Any CPU
		{A3EEF6F2-8509-4EB2-A8B3-B31786EBB248}.Debug|Any CPU.ActiveCfg = Debug|Any CPU
		{A3EEF6F2-8509-4EB2-A8B3-B31786EBB248}.Debug|Any CPU.Build.0 = Debug|Any CPU
		{A3EEF6F2-8509-4EB2-A8B3-B31786EBB248}.Release|Any CPU.ActiveCfg = Release|Any CPU
		{A3EEF6F2-8509-4EB2-A8B3-B31786EBB248}.Release|Any CPU.Build.0 = Release|Any CPU
		{AA063877-3110-47FC-A07C-AC5C249342A3}.Debug|Any CPU.ActiveCfg = Debug|Any CPU
		{AA063877-3110-47FC-A07C-AC5C249342A3}.Debug|Any CPU.Build.0 = Debug|Any CPU
		{AA063877-3110-47FC-A07C-AC5C249342A3}.Release|Any CPU.ActiveCfg = Release|Any CPU
		{AA063877-3110-47FC-A07C-AC5C249342A3}.Release|Any CPU.Build.0 = Release|Any CPU
	EndGlobalSection
	GlobalSection(SolutionProperties) = preSolution
		HideSolutionNode = FALSE
	EndGlobalSection
	GlobalSection(ExtensibilityGlobals) = postSolution
		SolutionGuid = {D14AAFC5-00BD-4164-B3F9-487822F24783}
	EndGlobalSection
	GlobalSection(MonoDevelopProperties) = preSolution
		StartupItem = WSCT.Core.ConsoleTests\WSCT.Core.ConsoleTests.csproj
	EndGlobalSection
EndGlobal
